# This file is autogenerated, do not edit; changes may be undone by the next 'dep ensure'.


[[projects]]
  branch = "master"
  name = "github.com/Sirupsen/logrus"
  packages = ["."]
  revision = "59d0ca41e5faad81cac03f7a7d84ba80d9cc9673"

[[projects]]
  branch = "master"
  name = "github.com/golang/example"
  packages = ["hello","stringutil"]
  revision = "0dea2d0bf90754ffa40e0cb2f23b638f3e3d7e09"

[[projects]]
  branch = "master"
  name = "golang.org/x/sys"
  packages = ["unix"]
  revision = "6faef541c73732f438fb660a212750a9ba9f9362"

[solve-meta]
  analyzer-name = "dep"
  analyzer-version = 1
  inputs-digest = "93443b45634100b148ead99ba9f30f9501b72d61d23d5437e8694e5d37f1ce33"
  solver-name = "gps-cdcl"
  solver-version = 1
