# This file is autogenerated, do not edit; changes may be undone by the next 'dep ensure'.


[[projects]]
  branch = "master"
  name = "github.com/golang/example"
  packages = ["stringutil"]
  revision = "0dea2d0bf90754ffa40e0cb2f23b638f3e3d7e09"

[solve-meta]
  analyzer-name = "dep"
  analyzer-version = 1
  inputs-digest = "2fc1f9fc6a63904de8e18fece8fe79352654abc5e24fe6ad43036d63bf4f4bbc"
  solver-name = "gps-cdcl"
  solver-version = 1
