# This file is autogenerated, do not edit; changes may be undone by the next 'dep ensure'.


[[projects]]
  name = "github.com/Sirupsen/logrus"
  packages = ["."]
  revision = "202f25545ea4cf9b191ff7f846df5d87c9382c2b"
  version = "v1.0.0"

[[projects]]
  branch = "master"
  name = "github.com/golang/example"
  packages = ["hello","stringutil"]
  revision = "0dea2d0bf90754ffa40e0cb2f23b638f3e3d7e09"

[[projects]]
  branch = "master"
  name = "golang.org/x/sys"
  packages = ["unix"]
  revision = "50298aa7a9faed39cd341ad7fd9275b1d5ddd70c"

[solve-meta]
  analyzer-name = "dep"
  analyzer-version = 1
  inputs-digest = "d513899caa2cc8c890c2ffa14a356bd4d7d45db7180b96a959b9133eb7a16af4"
  solver-name = "gps-cdcl"
  solver-version = 1
